
Microsoft Visual Studio Solution File, Format Version 12.00
# Visual Studio 15
Project("{FAE04EC0-301F-11D3-BF4B-00C04F79EFBC}") = "Assembly-CSharp", "Assembly-CSharp.csproj", "{68995BAA-D786-DCF2-765C-7AF8E60C9DE8}"
EndProject
Project("{FAE04EC0-301F-11D3-BF4B-00C04F79EFBC}") = "PathCreatorEditor", "PathCreatorEditor.csproj", "{C7CCEA40-6ADE-6BDE-0DDF-CA8B46D25AA7}"
EndProject
Project("{FAE04EC0-301F-11D3-BF4B-00C04F79EFBC}") = "PathCreator", "PathCreator.csproj", "{44B51BB0-CAB7-2CB0-7543-63C52E5734A6}"
EndProject
Project("{FAE04EC0-301F-11D3-BF4B-00C04F79EFBC}") = "Assembly-CSharp-Editor", "Assembly-CSharp-Editor.csproj", "{3D200D86-9155-7FAD-0617-692699DD0C68}"
EndProject
Global
	GlobalSection(SolutionConfigurationPlatforms) = preSolution
		Debug|Any CPU = Debug|Any CPU
		Release|Any CPU = Release|Any CPU
	EndGlobalSection
	GlobalSection(ProjectConfigurationPlatforms) = postSolution
		{68995BAA-D786-DCF2-765C-7AF8E60C9DE8}.Debug|Any CPU.ActiveCfg = Debug|Any CPU
		{68995BAA-D786-DCF2-765C-7AF8E60C9DE8}.Debug|Any CPU.Build.0 = Debug|Any CPU
		{68995BAA-D786-DCF2-765C-7AF8E60C9DE8}.Release|Any CPU.ActiveCfg = Release|Any CPU
		{68995BAA-D786-DCF2-765C-7AF8E60C9DE8}.Release|Any CPU.Build.0 = Release|Any CPU
		{C7CCEA40-6ADE-6BDE-0DDF-CA8B46D25AA7}.Debug|Any CPU.ActiveCfg = Debug|Any CPU
		{C7CCEA40-6ADE-6BDE-0DDF-CA8B46D25AA7}.Debug|Any CPU.Build.0 = Debug|Any CPU
		{C7CCEA40-6ADE-6BDE-0DDF-CA8B46D25AA7}.Release|Any CPU.ActiveCfg = Release|Any CPU
		{C7CCEA40-6ADE-6BDE-0DDF-CA8B46D25AA7}.Release|Any CPU.Build.0 = Release|Any CPU
		{44B51BB0-CAB7-2CB0-7543-63C52E5734A6}.Debug|Any CPU.ActiveCfg = Debug|Any CPU
		{44B51BB0-CAB7-2CB0-7543-63C52E5734A6}.Debug|Any CPU.Build.0 = Debug|Any CPU
		{44B51BB0-CAB7-2CB0-7543-63C52E5734A6}.Release|Any CPU.ActiveCfg = Release|Any CPU
		{44B51BB0-CAB7-2CB0-7543-63C52E5734A6}.Release|Any CPU.Build.0 = Release|Any CPU
		{3D200D86-9155-7FAD-0617-692699DD0C68}.Debug|Any CPU.ActiveCfg = Debug|Any CPU
		{3D200D86-9155-7FAD-0617-692699DD0C68}.Debug|Any CPU.Build.0 = Debug|Any CPU
		{3D200D86-9155-7FAD-0617-692699DD0C68}.Release|Any CPU.ActiveCfg = Release|Any CPU
		{3D200D86-9155-7FAD-0617-692699DD0C68}.Release|Any CPU.Build.0 = Release|Any CPU
	EndGlobalSection
	GlobalSection(SolutionProperties) = preSolution
		HideSolutionNode = FALSE
	EndGlobalSection
EndGlobal
