
Microsoft Visual Studio Solution File, Format Version 12.00
# Visual Studio 15
Project("{FAE04EC0-301F-11D3-BF4B-00C04F79EFBC}") = "Unity.Timeline", "Unity.Timeline.csproj", "{8C055724-0310-0F9B-9EA5-C336447A85F0}"
EndProject
Project("{FAE04EC0-301F-11D3-BF4B-00C04F79EFBC}") = "Unity.Timeline.Editor", "Unity.Timeline.Editor.csproj", "{FD803F81-3308-958E-9E26-3C11448E1E9B}"
EndProject
Project("{FAE04EC0-301F-11D3-BF4B-00C04F79EFBC}") = "Unity.PlasticSCM.Editor", "Unity.PlasticSCM.Editor.csproj", "{5FF69499-5223-4A7F-7A4D-37A51B74C089}"
EndProject
Project("{FAE04EC0-301F-11D3-BF4B-00C04F79EFBC}") = "Unity.TextMeshPro.Editor", "Unity.TextMeshPro.Editor.csproj", "{C07A4BDB-D531-4649-1D0C-5987E1214690}"
EndProject
Project("{FAE04EC0-301F-11D3-BF4B-00C04F79EFBC}") = "Unity.VisualScripting.Flow", "Unity.VisualScripting.Flow.csproj", "{556AAFBC-BBCD-45FE-C7BA-D312A779D867}"
EndProject
Project("{FAE04EC0-301F-11D3-BF4B-00C04F79EFBC}") = "UnityEditor.UI", "UnityEditor.UI.csproj", "{8A8D7A49-0914-2EC4-3771-9FE918A59C94}"
EndProject
Project("{FAE04EC0-301F-11D3-BF4B-00C04F79EFBC}") = "Unity.VisualScripting.Core", "Unity.VisualScripting.Core.csproj", "{BCEB450A-9B32-F69D-633B-F98C330F3CB5}"
EndProject
Project("{FAE04EC0-301F-11D3-BF4B-00C04F79EFBC}") = "Unity.VisualScripting.Core.Editor", "Unity.VisualScripting.Core.Editor.csproj", "{E3C2DAEA-E324-D527-1A63-D743DA6B47D1}"
EndProject
Project("{FAE04EC0-301F-11D3-BF4B-00C04F79EFBC}") = "Unity.VisualScripting.Flow.Editor", "Unity.VisualScripting.Flow.Editor.csproj", "{28501127-61AE-0074-6D31-2A42EDC62EA6}"
EndProject
Project("{FAE04EC0-301F-11D3-BF4B-00C04F79EFBC}") = "UnityEditor.TestRunner", "UnityEditor.TestRunner.csproj", "{16D68B34-C1FB-740E-1EA7-2A3C04034ACF}"
EndProject
Project("{FAE04EC0-301F-11D3-BF4B-00C04F79EFBC}") = "Unity.VisualScripting.SettingsProvider.Editor", "Unity.VisualScripting.SettingsProvider.Editor.csproj", "{7193835E-C4A1-D69F-CEA6-A9447C895323}"
EndProject
Project("{FAE04EC0-301F-11D3-BF4B-00C04F79EFBC}") = "UnityEngine.TestRunner", "UnityEngine.TestRunner.csproj", "{A8A7F92F-19B0-D20B-B197-9D7878053687}"
EndProject
Project("{FAE04EC0-301F-11D3-BF4B-00C04F79EFBC}") = "UnityEngine.UI", "UnityEngine.UI.csproj", "{6B7D62FF-A476-52C2-3010-D636AE7BB459}"
EndProject
Project("{FAE04EC0-301F-11D3-BF4B-00C04F79EFBC}") = "Unity.VisualStudio.Editor", "Unity.VisualStudio.Editor.csproj", "{C33A4796-716C-829F-FC4A-C5E5FA4654D4}"
EndProject
Project("{FAE04EC0-301F-11D3-BF4B-00C04F79EFBC}") = "Unity.TestTools.CodeCoverage.Editor.OpenCover.Model", "Unity.TestTools.CodeCoverage.Editor.OpenCover.Model.csproj", "{228542DC-ABED-E159-E9EC-F97783223D41}"
EndProject
Project("{FAE04EC0-301F-11D3-BF4B-00C04F79EFBC}") = "Unity.Rider.Editor", "Unity.Rider.Editor.csproj", "{B3ADA738-63C6-F460-25F9-5D4D2AED753A}"
EndProject
Project("{FAE04EC0-301F-11D3-BF4B-00C04F79EFBC}") = "Assembly-CSharp", "Assembly-CSharp.csproj", "{37CEB97E-4BFA-78C5-A766-CF30DACACA46}"
EndProject
Project("{FAE04EC0-301F-11D3-BF4B-00C04F79EFBC}") = "Unity.VisualScripting.State.Editor", "Unity.VisualScripting.State.Editor.csproj", "{2D7BF5D8-A9BB-7A6D-54B1-E355EF17C446}"
EndProject
Project("{FAE04EC0-301F-11D3-BF4B-00C04F79EFBC}") = "Unity.TestTools.CodeCoverage.Editor", "Unity.TestTools.CodeCoverage.Editor.csproj", "{5B815E86-C338-3B93-B0BE-F38902D27F45}"
EndProject
Project("{FAE04EC0-301F-11D3-BF4B-00C04F79EFBC}") = "Unity.VisualScripting.State", "Unity.VisualScripting.State.csproj", "{8A91B6CD-01B1-88F9-1086-6607F104FBD2}"
EndProject
Project("{FAE04EC0-301F-11D3-BF4B-00C04F79EFBC}") = "Unity.TextMeshPro", "Unity.TextMeshPro.csproj", "{795E281B-E9A3-0F67-C6BB-D64F04F79B39}"
EndProject
Project("{FAE04EC0-301F-11D3-BF4B-00C04F79EFBC}") = "Unity.Performance.Profile-Analyzer.Editor", "Unity.Performance.Profile-Analyzer.Editor.csproj", "{15C2610A-E167-3511-5DDE-705FD135A967}"
EndProject
Project("{FAE04EC0-301F-11D3-BF4B-00C04F79EFBC}") = "Unity.VSCode.Editor", "Unity.VSCode.Editor.csproj", "{4F0F0A5B-BE3E-B3CE-DA41-6AACF401B7E9}"
EndProject
Project("{FAE04EC0-301F-11D3-BF4B-00C04F79EFBC}") = "Unity.TestTools.CodeCoverage.Editor.OpenCover.Mono.Reflection", "Unity.TestTools.CodeCoverage.Editor.OpenCover.Mono.Reflection.csproj", "{A17C66DC-795B-B3F7-B3B3-4FC77FC7CB7B}"
EndProject
Project("{FAE04EC0-301F-11D3-BF4B-00C04F79EFBC}") = "Unity.Settings.Editor", "Unity.Settings.Editor.csproj", "{E5A85F32-8E42-0691-BEDF-4FBACD9E3438}"
EndProject
Project("{FAE04EC0-301F-11D3-BF4B-00C04F79EFBC}") = "PathCreatorEditor", "PathCreatorEditor.csproj", "{E4C1C8FB-C49C-467F-879B-ABDB9E363B08}"
EndProject
Project("{FAE04EC0-301F-11D3-BF4B-00C04F79EFBC}") = "PathCreator", "PathCreator.csproj", "{EB34A929-F9BA-BF6C-C095-12D28D9941DD}"
EndProject
Project("{FAE04EC0-301F-11D3-BF4B-00C04F79EFBC}") = "Unity.EditorCoroutines.Editor", "Unity.EditorCoroutines.Editor.csproj", "{6F6BD4D5-B7CF-186E-1ADC-2F4F456FA708}"
EndProject
Project("{FAE04EC0-301F-11D3-BF4B-00C04F79EFBC}") = "Unity.CollabProxy.Editor", "Unity.CollabProxy.Editor.csproj", "{D05440FB-778D-750F-363A-A140C3DE363B}"
EndProject
Project("{FAE04EC0-301F-11D3-BF4B-00C04F79EFBC}") = "Unity.VisualScripting.Shared.Editor", "Unity.VisualScripting.Shared.Editor.csproj", "{9819E938-A83E-F611-999E-B45A9265CFA9}"
EndProject
Project("{FAE04EC0-301F-11D3-BF4B-00C04F79EFBC}") = "Unity.PlasticSCM.Editor.Entities", "Unity.PlasticSCM.Editor.Entities.csproj", "{604DB55A-1261-C6BD-B8F4-01DF6C8D4621}"
EndProject
Project("{FAE04EC0-301F-11D3-BF4B-00C04F79EFBC}") = "Assembly-CSharp-Editor", "Assembly-CSharp-Editor.csproj", "{0A1C8376-301C-45E6-9F05-173165192B87}"
EndProject
Global
	GlobalSection(SolutionConfigurationPlatforms) = preSolution
		Debug|Any CPU = Debug|Any CPU
		Release|Any CPU = Release|Any CPU
	EndGlobalSection
	GlobalSection(ProjectConfigurationPlatforms) = postSolution
		{8C055724-0310-0F9B-9EA5-C336447A85F0}.Debug|Any CPU.ActiveCfg = Debug|Any CPU
		{8C055724-0310-0F9B-9EA5-C336447A85F0}.Debug|Any CPU.Build.0 = Debug|Any CPU
		{8C055724-0310-0F9B-9EA5-C336447A85F0}.Release|Any CPU.ActiveCfg = Release|Any CPU
		{8C055724-0310-0F9B-9EA5-C336447A85F0}.Release|Any CPU.Build.0 = Release|Any CPU
		{FD803F81-3308-958E-9E26-3C11448E1E9B}.Debug|Any CPU.ActiveCfg = Debug|Any CPU
		{FD803F81-3308-958E-9E26-3C11448E1E9B}.Debug|Any CPU.Build.0 = Debug|Any CPU
		{FD803F81-3308-958E-9E26-3C11448E1E9B}.Release|Any CPU.ActiveCfg = Release|Any CPU
		{FD803F81-3308-958E-9E26-3C11448E1E9B}.Release|Any CPU.Build.0 = Release|Any CPU
		{5FF69499-5223-4A7F-7A4D-37A51B74C089}.Debug|Any CPU.ActiveCfg = Debug|Any CPU
		{5FF69499-5223-4A7F-7A4D-37A51B74C089}.Debug|Any CPU.Build.0 = Debug|Any CPU
		{5FF69499-5223-4A7F-7A4D-37A51B74C089}.Release|Any CPU.ActiveCfg = Release|Any CPU
		{5FF69499-5223-4A7F-7A4D-37A51B74C089}.Release|Any CPU.Build.0 = Release|Any CPU
		{C07A4BDB-D531-4649-1D0C-5987E1214690}.Debug|Any CPU.ActiveCfg = Debug|Any CPU
		{C07A4BDB-D531-4649-1D0C-5987E1214690}.Debug|Any CPU.Build.0 = Debug|Any CPU
		{C07A4BDB-D531-4649-1D0C-5987E1214690}.Release|Any CPU.ActiveCfg = Release|Any CPU
		{C07A4BDB-D531-4649-1D0C-5987E1214690}.Release|Any CPU.Build.0 = Release|Any CPU
		{556AAFBC-BBCD-45FE-C7BA-D312A779D867}.Debug|Any CPU.ActiveCfg = Debug|Any CPU
		{556AAFBC-BBCD-45FE-C7BA-D312A779D867}.Debug|Any CPU.Build.0 = Debug|Any CPU
		{556AAFBC-BBCD-45FE-C7BA-D312A779D867}.Release|Any CPU.ActiveCfg = Release|Any CPU
		{556AAFBC-BBCD-45FE-C7BA-D312A779D867}.Release|Any CPU.Build.0 = Release|Any CPU
		{8A8D7A49-0914-2EC4-3771-9FE918A59C94}.Debug|Any CPU.ActiveCfg = Debug|Any CPU
		{8A8D7A49-0914-2EC4-3771-9FE918A59C94}.Debug|Any CPU.Build.0 = Debug|Any CPU
		{8A8D7A49-0914-2EC4-3771-9FE918A59C94}.Release|Any CPU.ActiveCfg = Release|Any CPU
		{8A8D7A49-0914-2EC4-3771-9FE918A59C94}.Release|Any CPU.Build.0 = Release|Any CPU
		{BCEB450A-9B32-F69D-633B-F98C330F3CB5}.Debug|Any CPU.ActiveCfg = Debug|Any CPU
		{BCEB450A-9B32-F69D-633B-F98C330F3CB5}.Debug|Any CPU.Build.0 = Debug|Any CPU
		{BCEB450A-9B32-F69D-633B-F98C330F3CB5}.Release|Any CPU.ActiveCfg = Release|Any CPU
		{BCEB450A-9B32-F69D-633B-F98C330F3CB5}.Release|Any CPU.Build.0 = Release|Any CPU
		{E3C2DAEA-E324-D527-1A63-D743DA6B47D1}.Debug|Any CPU.ActiveCfg = Debug|Any CPU
		{E3C2DAEA-E324-D527-1A63-D743DA6B47D1}.Debug|Any CPU.Build.0 = Debug|Any CPU
		{E3C2DAEA-E324-D527-1A63-D743DA6B47D1}.Release|Any CPU.ActiveCfg = Release|Any CPU
		{E3C2DAEA-E324-D527-1A63-D743DA6B47D1}.Release|Any CPU.Build.0 = Release|Any CPU
		{28501127-61AE-0074-6D31-2A42EDC62EA6}.Debug|Any CPU.ActiveCfg = Debug|Any CPU
		{28501127-61AE-0074-6D31-2A42EDC62EA6}.Debug|Any CPU.Build.0 = Debug|Any CPU
		{28501127-61AE-0074-6D31-2A42EDC62EA6}.Release|Any CPU.ActiveCfg = Release|Any CPU
		{28501127-61AE-0074-6D31-2A42EDC62EA6}.Release|Any CPU.Build.0 = Release|Any CPU
		{16D68B34-C1FB-740E-1EA7-2A3C04034ACF}.Debug|Any CPU.ActiveCfg = Debug|Any CPU
		{16D68B34-C1FB-740E-1EA7-2A3C04034ACF}.Debug|Any CPU.Build.0 = Debug|Any CPU
		{16D68B34-C1FB-740E-1EA7-2A3C04034ACF}.Release|Any CPU.ActiveCfg = Release|Any CPU
		{16D68B34-C1FB-740E-1EA7-2A3C04034ACF}.Release|Any CPU.Build.0 = Release|Any CPU
		{7193835E-C4A1-D69F-CEA6-A9447C895323}.Debug|Any CPU.ActiveCfg = Debug|Any CPU
		{7193835E-C4A1-D69F-CEA6-A9447C895323}.Debug|Any CPU.Build.0 = Debug|Any CPU
		{7193835E-C4A1-D69F-CEA6-A9447C895323}.Release|Any CPU.ActiveCfg = Release|Any CPU
		{7193835E-C4A1-D69F-CEA6-A9447C895323}.Release|Any CPU.Build.0 = Release|Any CPU
		{A8A7F92F-19B0-D20B-B197-9D7878053687}.Debug|Any CPU.ActiveCfg = Debug|Any CPU
		{A8A7F92F-19B0-D20B-B197-9D7878053687}.Debug|Any CPU.Build.0 = Debug|Any CPU
		{A8A7F92F-19B0-D20B-B197-9D7878053687}.Release|Any CPU.ActiveCfg = Release|Any CPU
		{A8A7F92F-19B0-D20B-B197-9D7878053687}.Release|Any CPU.Build.0 = Release|Any CPU
		{6B7D62FF-A476-52C2-3010-D636AE7BB459}.Debug|Any CPU.ActiveCfg = Debug|Any CPU
		{6B7D62FF-A476-52C2-3010-D636AE7BB459}.Debug|Any CPU.Build.0 = Debug|Any CPU
		{6B7D62FF-A476-52C2-3010-D636AE7BB459}.Release|Any CPU.ActiveCfg = Release|Any CPU
		{6B7D62FF-A476-52C2-3010-D636AE7BB459}.Release|Any CPU.Build.0 = Release|Any CPU
		{C33A4796-716C-829F-FC4A-C5E5FA4654D4}.Debug|Any CPU.ActiveCfg = Debug|Any CPU
		{C33A4796-716C-829F-FC4A-C5E5FA4654D4}.Debug|Any CPU.Build.0 = Debug|Any CPU
		{C33A4796-716C-829F-FC4A-C5E5FA4654D4}.Release|Any CPU.ActiveCfg = Release|Any CPU
		{C33A4796-716C-829F-FC4A-C5E5FA4654D4}.Release|Any CPU.Build.0 = Release|Any CPU
		{228542DC-ABED-E159-E9EC-F97783223D41}.Debug|Any CPU.ActiveCfg = Debug|Any CPU
		{228542DC-ABED-E159-E9EC-F97783223D41}.Debug|Any CPU.Build.0 = Debug|Any CPU
		{228542DC-ABED-E159-E9EC-F97783223D41}.Release|Any CPU.ActiveCfg = Release|Any CPU
		{228542DC-ABED-E159-E9EC-F97783223D41}.Release|Any CPU.Build.0 = Release|Any CPU
		{B3ADA738-63C6-F460-25F9-5D4D2AED753A}.Debug|Any CPU.ActiveCfg = Debug|Any CPU
		{B3ADA738-63C6-F460-25F9-5D4D2AED753A}.Debug|Any CPU.Build.0 = Debug|Any CPU
		{B3ADA738-63C6-F460-25F9-5D4D2AED753A}.Release|Any CPU.ActiveCfg = Release|Any CPU
		{B3ADA738-63C6-F460-25F9-5D4D2AED753A}.Release|Any CPU.Build.0 = Release|Any CPU
		{37CEB97E-4BFA-78C5-A766-CF30DACACA46}.Debug|Any CPU.ActiveCfg = Debug|Any CPU
		{37CEB97E-4BFA-78C5-A766-CF30DACACA46}.Debug|Any CPU.Build.0 = Debug|Any CPU
		{37CEB97E-4BFA-78C5-A766-CF30DACACA46}.Release|Any CPU.ActiveCfg = Release|Any CPU
		{37CEB97E-4BFA-78C5-A766-CF30DACACA46}.Release|Any CPU.Build.0 = Release|Any CPU
		{2D7BF5D8-A9BB-7A6D-54B1-E355EF17C446}.Debug|Any CPU.ActiveCfg = Debug|Any CPU
		{2D7BF5D8-A9BB-7A6D-54B1-E355EF17C446}.Debug|Any CPU.Build.0 = Debug|Any CPU
		{2D7BF5D8-A9BB-7A6D-54B1-E355EF17C446}.Release|Any CPU.ActiveCfg = Release|Any CPU
		{2D7BF5D8-A9BB-7A6D-54B1-E355EF17C446}.Release|Any CPU.Build.0 = Release|Any CPU
		{5B815E86-C338-3B93-B0BE-F38902D27F45}.Debug|Any CPU.ActiveCfg = Debug|Any CPU
		{5B815E86-C338-3B93-B0BE-F38902D27F45}.Debug|Any CPU.Build.0 = Debug|Any CPU
		{5B815E86-C338-3B93-B0BE-F38902D27F45}.Release|Any CPU.ActiveCfg = Release|Any CPU
		{5B815E86-C338-3B93-B0BE-F38902D27F45}.Release|Any CPU.Build.0 = Release|Any CPU
		{8A91B6CD-01B1-88F9-1086-6607F104FBD2}.Debug|Any CPU.ActiveCfg = Debug|Any CPU
		{8A91B6CD-01B1-88F9-1086-6607F104FBD2}.Debug|Any CPU.Build.0 = Debug|Any CPU
		{8A91B6CD-01B1-88F9-1086-6607F104FBD2}.Release|Any CPU.ActiveCfg = Release|Any CPU
		{8A91B6CD-01B1-88F9-1086-6607F104FBD2}.Release|Any CPU.Build.0 = Release|Any CPU
		{795E281B-E9A3-0F67-C6BB-D64F04F79B39}.Debug|Any CPU.ActiveCfg = Debug|Any CPU
		{795E281B-E9A3-0F67-C6BB-D64F04F79B39}.Debug|Any CPU.Build.0 = Debug|Any CPU
		{795E281B-E9A3-0F67-C6BB-D64F04F79B39}.Release|Any CPU.ActiveCfg = Release|Any CPU
		{795E281B-E9A3-0F67-C6BB-D64F04F79B39}.Release|Any CPU.Build.0 = Release|Any CPU
		{15C2610A-E167-3511-5DDE-705FD135A967}.Debug|Any CPU.ActiveCfg = Debug|Any CPU
		{15C2610A-E167-3511-5DDE-705FD135A967}.Debug|Any CPU.Build.0 = Debug|Any CPU
		{15C2610A-E167-3511-5DDE-705FD135A967}.Release|Any CPU.ActiveCfg = Release|Any CPU
		{15C2610A-E167-3511-5DDE-705FD135A967}.Release|Any CPU.Build.0 = Release|Any CPU
		{4F0F0A5B-BE3E-B3CE-DA41-6AACF401B7E9}.Debug|Any CPU.ActiveCfg = Debug|Any CPU
		{4F0F0A5B-BE3E-B3CE-DA41-6AACF401B7E9}.Debug|Any CPU.Build.0 = Debug|Any CPU
		{4F0F0A5B-BE3E-B3CE-DA41-6AACF401B7E9}.Release|Any CPU.ActiveCfg = Release|Any CPU
		{4F0F0A5B-BE3E-B3CE-DA41-6AACF401B7E9}.Release|Any CPU.Build.0 = Release|Any CPU
		{A17C66DC-795B-B3F7-B3B3-4FC77FC7CB7B}.Debug|Any CPU.ActiveCfg = Debug|Any CPU
		{A17C66DC-795B-B3F7-B3B3-4FC77FC7CB7B}.Debug|Any CPU.Build.0 = Debug|Any CPU
		{A17C66DC-795B-B3F7-B3B3-4FC77FC7CB7B}.Release|Any CPU.ActiveCfg = Release|Any CPU
		{A17C66DC-795B-B3F7-B3B3-4FC77FC7CB7B}.Release|Any CPU.Build.0 = Release|Any CPU
		{E5A85F32-8E42-0691-BEDF-4FBACD9E3438}.Debug|Any CPU.ActiveCfg = Debug|Any CPU
		{E5A85F32-8E42-0691-BEDF-4FBACD9E3438}.Debug|Any CPU.Build.0 = Debug|Any CPU
		{E5A85F32-8E42-0691-BEDF-4FBACD9E3438}.Release|Any CPU.ActiveCfg = Release|Any CPU
		{E5A85F32-8E42-0691-BEDF-4FBACD9E3438}.Release|Any CPU.Build.0 = Release|Any CPU
		{E4C1C8FB-C49C-467F-879B-ABDB9E363B08}.Debug|Any CPU.ActiveCfg = Debug|Any CPU
		{E4C1C8FB-C49C-467F-879B-ABDB9E363B08}.Debug|Any CPU.Build.0 = Debug|Any CPU
		{E4C1C8FB-C49C-467F-879B-ABDB9E363B08}.Release|Any CPU.ActiveCfg = Release|Any CPU
		{E4C1C8FB-C49C-467F-879B-ABDB9E363B08}.Release|Any CPU.Build.0 = Release|Any CPU
		{EB34A929-F9BA-BF6C-C095-12D28D9941DD}.Debug|Any CPU.ActiveCfg = Debug|Any CPU
		{EB34A929-F9BA-BF6C-C095-12D28D9941DD}.Debug|Any CPU.Build.0 = Debug|Any CPU
		{EB34A929-F9BA-BF6C-C095-12D28D9941DD}.Release|Any CPU.ActiveCfg = Release|Any CPU
		{EB34A929-F9BA-BF6C-C095-12D28D9941DD}.Release|Any CPU.Build.0 = Release|Any CPU
		{6F6BD4D5-B7CF-186E-1ADC-2F4F456FA708}.Debug|Any CPU.ActiveCfg = Debug|Any CPU
		{6F6BD4D5-B7CF-186E-1ADC-2F4F456FA708}.Debug|Any CPU.Build.0 = Debug|Any CPU
		{6F6BD4D5-B7CF-186E-1ADC-2F4F456FA708}.Release|Any CPU.ActiveCfg = Release|Any CPU
		{6F6BD4D5-B7CF-186E-1ADC-2F4F456FA708}.Release|Any CPU.Build.0 = Release|Any CPU
		{D05440FB-778D-750F-363A-A140C3DE363B}.Debug|Any CPU.ActiveCfg = Debug|Any CPU
		{D05440FB-778D-750F-363A-A140C3DE363B}.Debug|Any CPU.Build.0 = Debug|Any CPU
		{D05440FB-778D-750F-363A-A140C3DE363B}.Release|Any CPU.ActiveCfg = Release|Any CPU
		{D05440FB-778D-750F-363A-A140C3DE363B}.Release|Any CPU.Build.0 = Release|Any CPU
		{9819E938-A83E-F611-999E-B45A9265CFA9}.Debug|Any CPU.ActiveCfg = Debug|Any CPU
		{9819E938-A83E-F611-999E-B45A9265CFA9}.Debug|Any CPU.Build.0 = Debug|Any CPU
		{9819E938-A83E-F611-999E-B45A9265CFA9}.Release|Any CPU.ActiveCfg = Release|Any CPU
		{9819E938-A83E-F611-999E-B45A9265CFA9}.Release|Any CPU.Build.0 = Release|Any CPU
		{604DB55A-1261-C6BD-B8F4-01DF6C8D4621}.Debug|Any CPU.ActiveCfg = Debug|Any CPU
		{604DB55A-1261-C6BD-B8F4-01DF6C8D4621}.Debug|Any CPU.Build.0 = Debug|Any CPU
		{604DB55A-1261-C6BD-B8F4-01DF6C8D4621}.Release|Any CPU.ActiveCfg = Release|Any CPU
		{604DB55A-1261-C6BD-B8F4-01DF6C8D4621}.Release|Any CPU.Build.0 = Release|Any CPU
		{0A1C8376-301C-45E6-9F05-173165192B87}.Debug|Any CPU.ActiveCfg = Debug|Any CPU
		{0A1C8376-301C-45E6-9F05-173165192B87}.Debug|Any CPU.Build.0 = Debug|Any CPU
		{0A1C8376-301C-45E6-9F05-173165192B87}.Release|Any CPU.ActiveCfg = Release|Any CPU
		{0A1C8376-301C-45E6-9F05-173165192B87}.Release|Any CPU.Build.0 = Release|Any CPU
	EndGlobalSection
	GlobalSection(SolutionProperties) = preSolution
		HideSolutionNode = FALSE
	EndGlobalSection
EndGlobal
